
Microsoft Visual Studio Solution File, Format Version 12.00
# Visual Studio Version 17
VisualStudioVersion = 17.13.35919.96 d17.13
MinimumVisualStudioVersion = 10.0.40219.1
Project("{F184B08F-C81C-45F6-A57F-5ABD9991F28F}") = "Data Pegawai", "Data Pegawai\Data Pegawai.vbproj", "{A9810DF6-3E5E-4D2A-8608-0A079EF8DE44}"
EndProject
Global
	GlobalSection(SolutionConfigurationPlatforms) = preSolution
		Debug|Any CPU = Debug|Any CPU
		Release|Any CPU = Release|Any CPU
	EndGlobalSection
	GlobalSection(ProjectConfigurationPlatforms) = postSolution
		{A9810DF6-3E5E-4D2A-8608-0A079EF8DE44}.Debug|Any CPU.ActiveCfg = Debug|Any CPU
		{A9810DF6-3E5E-4D2A-8608-0A079EF8DE44}.Debug|Any CPU.Build.0 = Debug|Any CPU
		{A9810DF6-3E5E-4D2A-8608-0A079EF8DE44}.Release|Any CPU.ActiveCfg = Release|Any CPU
		{A9810DF6-3E5E-4D2A-8608-0A079EF8DE44}.Release|Any CPU.Build.0 = Release|Any CPU
	EndGlobalSection
	GlobalSection(SolutionProperties) = preSolution
		HideSolutionNode = FALSE
	EndGlobalSection
	GlobalSection(ExtensibilityGlobals) = postSolution
		SolutionGuid = {6117A1F1-10E6-4BB4-B2D5-D283A632C333}
	EndGlobalSection
EndGlobal
